Microsoft Visual Studio Solution File, Format Version 12.00
# Visual Studio Version 17
VisualStudioVersion = 17.5.2.0
MinimumVisualStudioVersion = 10.0.40219.1
Project("{FAE04EC0-301F-11D3-BF4B-00C04F79EFBC}") = "TraducaoRealtime", "TraducaoRealtime.csproj", "{622B7862-2DED-F791-5D4C-DA055138BEEE}"
EndProject
Global
	GlobalSection(SolutionConfigurationPlatforms) = preSolution
		Debug|Any CPU = Debug|Any CPU
		Release|Any CPU = Release|Any CPU
	EndGlobalSection
	GlobalSection(ProjectConfigurationPlatforms) = postSolution
		{622B7862-2DED-F791-5D4C-DA055138BEEE}.Debug|Any CPU.ActiveCfg = Debug|Any CPU
		{622B7862-2DED-F791-5D4C-DA055138BEEE}.Debug|Any CPU.Build.0 = Debug|Any CPU
		{622B7862-2DED-F791-5D4C-DA055138BEEE}.Release|Any CPU.ActiveCfg = Release|Any CPU
		{622B7862-2DED-F791-5D4C-DA055138BEEE}.Release|Any CPU.Build.0 = Release|Any CPU
	EndGlobalSection
	GlobalSection(SolutionProperties) = preSolution
		HideSolutionNode = FALSE
	EndGlobalSection
	GlobalSection(ExtensibilityGlobals) = postSolution
		SolutionGuid = {4DABDBFC-89B1-4410-92FE-15F51F391EE6}
	EndGlobalSection
EndGlobal
